
Microsoft Visual Studio Solution File, Format Version 12.00
# Visual Studio Version 16
VisualStudioVersion = 16.0.29503.13
MinimumVisualStudioVersion = 10.0.40219.1
Project("{2150E333-8FDC-42A3-9474-1A3956D46DE8}") = "ThirdParty", "ThirdParty", "{C9AAFEEE-3AE9-4321-952B-9DCA266518C4}"
EndProject
Project("{9A19103F-16F7-4668-BE54-9A1E7A4F7556}") = "DistroLucasServer.NETCore", "DistroLucasServer\DistroLucasServer.NETCore.csproj", "{EF079AF8-370A-4C63-96AF-DCE7E416E41C}"
EndProject
Project("{9A19103F-16F7-4668-BE54-9A1E7A4F7556}") = "NucleusDotNet.NETCore", "..\..\submodules\nucleusgaming\Nucleus.Gaming\Nucleus.Gaming\NucleusDotNet.NETCore.csproj", "{B1D9DCC3-9574-473D-8E95-6243F9F597A1}"
EndProject
Global
	GlobalSection(SolutionConfigurationPlatforms) = preSolution
		Debug|Any CPU = Debug|Any CPU
		Release|Any CPU = Release|Any CPU
		TestDebug|Any CPU = TestDebug|Any CPU
	EndGlobalSection
	GlobalSection(ProjectConfigurationPlatforms) = postSolution
		{EF079AF8-370A-4C63-96AF-DCE7E416E41C}.Debug|Any CPU.ActiveCfg = Debug|Any CPU
		{EF079AF8-370A-4C63-96AF-DCE7E416E41C}.Debug|Any CPU.Build.0 = Debug|Any CPU
		{EF079AF8-370A-4C63-96AF-DCE7E416E41C}.Release|Any CPU.ActiveCfg = Release|Any CPU
		{EF079AF8-370A-4C63-96AF-DCE7E416E41C}.Release|Any CPU.Build.0 = Release|Any CPU
		{EF079AF8-370A-4C63-96AF-DCE7E416E41C}.TestDebug|Any CPU.ActiveCfg = Debug|Any CPU
		{EF079AF8-370A-4C63-96AF-DCE7E416E41C}.TestDebug|Any CPU.Build.0 = Debug|Any CPU
		{B1D9DCC3-9574-473D-8E95-6243F9F597A1}.Debug|Any CPU.ActiveCfg = Debug|Any CPU
		{B1D9DCC3-9574-473D-8E95-6243F9F597A1}.Debug|Any CPU.Build.0 = Debug|Any CPU
		{B1D9DCC3-9574-473D-8E95-6243F9F597A1}.Release|Any CPU.ActiveCfg = Release|Any CPU
		{B1D9DCC3-9574-473D-8E95-6243F9F597A1}.Release|Any CPU.Build.0 = Release|Any CPU
		{B1D9DCC3-9574-473D-8E95-6243F9F597A1}.TestDebug|Any CPU.ActiveCfg = Debug|Any CPU
		{B1D9DCC3-9574-473D-8E95-6243F9F597A1}.TestDebug|Any CPU.Build.0 = Debug|Any CPU
	EndGlobalSection
	GlobalSection(SolutionProperties) = preSolution
		HideSolutionNode = FALSE
	EndGlobalSection
	GlobalSection(NestedProjects) = preSolution
		{B1D9DCC3-9574-473D-8E95-6243F9F597A1} = {C9AAFEEE-3AE9-4321-952B-9DCA266518C4}
	EndGlobalSection
	GlobalSection(ExtensibilityGlobals) = postSolution
		SolutionGuid = {F9CC6CAD-1279-47F2-90FB-ED520676AAC4}
	EndGlobalSection
EndGlobal
